<?xml version="1.0" encoding="UTF-8" standalone="yes" ?>
<CodeBlocks_project_file>
	<FileVersion major="1" minor="6" />
	<Project>
		<Option title="ICARUS" />
		<Option pch_mode="2" />
		<Option compiler="gcc" />
		<Build>
			<Target title="Debug">
				<Option output="bin/Debug/ICARUS" prefix_auto="1" extension_auto="1" />
				<Option object_output="obj/Debug/" />
				<Option type="1" />
				<Option compiler="gcc" />
				<Compiler>
					<Add option="-g" />
					<Add directory="../../../../../../../opt/opencv-3.4.1/include/opencv2" />
					<Add directory="../../../../../../../opt/opencv-3.4.1/include/opencv" />
					<Add directory="include" />
				</Compiler>
				<Linker>
					<Add library="../../../../../../../opt/opencv-3.4.1/build/lib/libopencv_core.so" />
					<Add library="../../../../../../../opt/opencv-3.4.1/build/lib/libopencv_highgui.so" />
					<Add library="../../../../../../../opt/opencv-3.4.1/build/lib/libopencv_imgproc.so" />
					<Add library="../../../../../../../opt/opencv-3.4.1/build/lib/libopencv_video.so" />
					<Add library="../../../../../../../opt/opencv-3.4.1/build/lib/libopencv_videoio.so" />
					<Add library="../../../../../opt/opencv-3.4.1/build/lib/libopencv_calib3d.so" />
					<Add library="../../../../../opt/opencv-3.4.1/build/lib/cv2.so" />
					<Add library="../../../../../opt/opencv-3.4.1/build/lib/libopencv_imgcodecs.so" />
					<Add directory="../../../../../../../opt/opencv-3.4.1/build/lib" />
				</Linker>
			</Target>
			<Target title="Release">
				<Option output="bin/Release/ICARUS" prefix_auto="1" extension_auto="1" />
				<Option object_output="obj/Release/" />
				<Option type="1" />
				<Option compiler="gcc" />
				<Compiler>
					<Add option="-O2" />
					<Add directory="include" />
				</Compiler>
				<Linker>
					<Add option="-s" />
				</Linker>
			</Target>
		</Build>
		<Compiler>
			<Add option="-Wall" />
		</Compiler>
		<Unit filename="include/CalibrationEye.h" />
		<Unit filename="include/Eyes.h" />
		<Unit filename="main.cpp" />
		<Unit filename="src/CalibrationEye.cpp" />
		<Unit filename="src/Eyes.cpp" />
		<Extensions>
			<code_completion />
			<debugger />
		</Extensions>
	</Project>
</CodeBlocks_project_file>
